
Microsoft Visual Studio Solution File, Format Version 12.00
# Visual Studio Version 17
VisualStudioVersion = 17.4.33213.308
MinimumVisualStudioVersion = 10.0.40219.1
Project("{FAE04EC0-301F-11D3-BF4B-00C04F79EFBC}") = "FtpAssistant", "FtpAssistant\FtpAssistant.csproj", "{5311D8E4-97EE-4954-BC42-92D567F29CDC}"
EndProject
Global
	GlobalSection(SolutionConfigurationPlatforms) = preSolution
		Debug|Any CPU = Debug|Any CPU
		Release|Any CPU = Release|Any CPU
	EndGlobalSection
	GlobalSection(ProjectConfigurationPlatforms) = postSolution
		{5311D8E4-97EE-4954-BC42-92D567F29CDC}.Debug|Any CPU.ActiveCfg = Debug|Any CPU
		{5311D8E4-97EE-4954-BC42-92D567F29CDC}.Debug|Any CPU.Build.0 = Debug|Any CPU
		{5311D8E4-97EE-4954-BC42-92D567F29CDC}.Release|Any CPU.ActiveCfg = Release|Any CPU
		{5311D8E4-97EE-4954-BC42-92D567F29CDC}.Release|Any CPU.Build.0 = Release|Any CPU
	EndGlobalSection
	GlobalSection(SolutionProperties) = preSolution
		HideSolutionNode = FALSE
	EndGlobalSection
	GlobalSection(ExtensibilityGlobals) = postSolution
		SolutionGuid = {DC13AB2E-EC0E-467D-8945-D081EBE8D733}
	EndGlobalSection
EndGlobal
